
Microsoft Visual Studio Solution File, Format Version 12.00
# Visual Studio Version 17
VisualStudioVersion = 17.5.33516.290
MinimumVisualStudioVersion = 10.0.40219.1
Project("{8BC9CEB8-8B4A-11D0-8D11-00A0C91BC942}") = "Client", "Client\Client.vcxproj", "{F9B64CA0-64ED-495F-BBE9-CA94CA7A4B90}"
EndProject
Project("{8BC9CEB8-8B4A-11D0-8D11-00A0C91BC942}") = "KKRenderer", "KKRenderer\KKRenderer.vcxproj", "{428F07EA-A623-4E02-81B5-2D4CB74B4091}"
	ProjectSection(ProjectDependencies) = postProject
		{C79A16AE-D8EE-4FB2-BF1F-EFA146C11E1E} = {C79A16AE-D8EE-4FB2-BF1F-EFA146C11E1E}
		{E3A8E33E-BEBA-4FC1-A422-BA05CFE67CB2} = {E3A8E33E-BEBA-4FC1-A422-BA05CFE67CB2}
	EndProjectSection
EndProject
Project("{8BC9CEB8-8B4A-11D0-8D11-00A0C91BC942}") = "MathModule", "MathModule\MathModule.vcxproj", "{E3A8E33E-BEBA-4FC1-A422-BA05CFE67CB2}"
EndProject
Project("{8BC9CEB8-8B4A-11D0-8D11-00A0C91BC942}") = "RendererModule", "RendererModule\RendererModule.vcxproj", "{C79A16AE-D8EE-4FB2-BF1F-EFA146C11E1E}"
	ProjectSection(ProjectDependencies) = postProject
		{E3A8E33E-BEBA-4FC1-A422-BA05CFE67CB2} = {E3A8E33E-BEBA-4FC1-A422-BA05CFE67CB2}
	EndProjectSection
EndProject
Global
	GlobalSection(SolutionConfigurationPlatforms) = preSolution
		Debug|x64 = Debug|x64
		Debug|x86 = Debug|x86
		Release|x64 = Release|x64
		Release|x86 = Release|x86
	EndGlobalSection
	GlobalSection(ProjectConfigurationPlatforms) = postSolution
		{F9B64CA0-64ED-495F-BBE9-CA94CA7A4B90}.Debug|x64.ActiveCfg = Debug|x64
		{F9B64CA0-64ED-495F-BBE9-CA94CA7A4B90}.Debug|x64.Build.0 = Debug|x64
		{F9B64CA0-64ED-495F-BBE9-CA94CA7A4B90}.Debug|x86.ActiveCfg = Debug|Win32
		{F9B64CA0-64ED-495F-BBE9-CA94CA7A4B90}.Debug|x86.Build.0 = Debug|Win32
		{F9B64CA0-64ED-495F-BBE9-CA94CA7A4B90}.Release|x64.ActiveCfg = Release|x64
		{F9B64CA0-64ED-495F-BBE9-CA94CA7A4B90}.Release|x64.Build.0 = Release|x64
		{F9B64CA0-64ED-495F-BBE9-CA94CA7A4B90}.Release|x86.ActiveCfg = Release|Win32
		{F9B64CA0-64ED-495F-BBE9-CA94CA7A4B90}.Release|x86.Build.0 = Release|Win32
		{428F07EA-A623-4E02-81B5-2D4CB74B4091}.Debug|x64.ActiveCfg = Debug|x64
		{428F07EA-A623-4E02-81B5-2D4CB74B4091}.Debug|x64.Build.0 = Debug|x64
		{428F07EA-A623-4E02-81B5-2D4CB74B4091}.Debug|x86.ActiveCfg = Debug|Win32
		{428F07EA-A623-4E02-81B5-2D4CB74B4091}.Debug|x86.Build.0 = Debug|Win32
		{428F07EA-A623-4E02-81B5-2D4CB74B4091}.Release|x64.ActiveCfg = Release|x64
		{428F07EA-A623-4E02-81B5-2D4CB74B4091}.Release|x64.Build.0 = Release|x64
		{428F07EA-A623-4E02-81B5-2D4CB74B4091}.Release|x86.ActiveCfg = Release|Win32
		{428F07EA-A623-4E02-81B5-2D4CB74B4091}.Release|x86.Build.0 = Release|Win32
		{E3A8E33E-BEBA-4FC1-A422-BA05CFE67CB2}.Debug|x64.ActiveCfg = Debug|x64
		{E3A8E33E-BEBA-4FC1-A422-BA05CFE67CB2}.Debug|x64.Build.0 = Debug|x64
		{E3A8E33E-BEBA-4FC1-A422-BA05CFE67CB2}.Debug|x86.ActiveCfg = Debug|Win32
		{E3A8E33E-BEBA-4FC1-A422-BA05CFE67CB2}.Debug|x86.Build.0 = Debug|Win32
		{E3A8E33E-BEBA-4FC1-A422-BA05CFE67CB2}.Release|x64.ActiveCfg = Release|x64
		{E3A8E33E-BEBA-4FC1-A422-BA05CFE67CB2}.Release|x64.Build.0 = Release|x64
		{E3A8E33E-BEBA-4FC1-A422-BA05CFE67CB2}.Release|x86.ActiveCfg = Release|Win32
		{E3A8E33E-BEBA-4FC1-A422-BA05CFE67CB2}.Release|x86.Build.0 = Release|Win32
		{C79A16AE-D8EE-4FB2-BF1F-EFA146C11E1E}.Debug|x64.ActiveCfg = Debug|x64
		{C79A16AE-D8EE-4FB2-BF1F-EFA146C11E1E}.Debug|x64.Build.0 = Debug|x64
		{C79A16AE-D8EE-4FB2-BF1F-EFA146C11E1E}.Debug|x86.ActiveCfg = Debug|Win32
		{C79A16AE-D8EE-4FB2-BF1F-EFA146C11E1E}.Debug|x86.Build.0 = Debug|Win32
		{C79A16AE-D8EE-4FB2-BF1F-EFA146C11E1E}.Release|x64.ActiveCfg = Release|x64
		{C79A16AE-D8EE-4FB2-BF1F-EFA146C11E1E}.Release|x64.Build.0 = Release|x64
		{C79A16AE-D8EE-4FB2-BF1F-EFA146C11E1E}.Release|x86.ActiveCfg = Release|Win32
		{C79A16AE-D8EE-4FB2-BF1F-EFA146C11E1E}.Release|x86.Build.0 = Release|Win32
	EndGlobalSection
	GlobalSection(SolutionProperties) = preSolution
		HideSolutionNode = FALSE
	EndGlobalSection
	GlobalSection(ExtensibilityGlobals) = postSolution
		SolutionGuid = {CED8A5A6-E589-4799-ACF7-37925F911CEE}
	EndGlobalSection
EndGlobal
