
Microsoft Visual Studio Solution File, Format Version 12.00
# Visual Studio Version 17
VisualStudioVersion = 17.5.33516.290
MinimumVisualStudioVersion = 10.0.40219.1
Project("{8BC9CEB8-8B4A-11D0-8D11-00A0C91BC942}") = "Client", "Client\Client.vcxproj", "{F9B64CA0-64ED-495F-BBE9-CA94CA7A4B90}"
EndProject
Project("{8BC9CEB8-8B4A-11D0-8D11-00A0C91BC942}") = "RendererModule", "RenderModule\RenderModule.vcxproj", "{A4F6079B-8FAF-492F-A3FD-532EA137E31B}"
EndProject
Project("{8BC9CEB8-8B4A-11D0-8D11-00A0C91BC942}") = "EngineModule", "EngineModule\EngineModule.vcxproj", "{BB21EF66-E45D-4722-A360-69EBD042DCB2}"
EndProject
Project("{8BC9CEB8-8B4A-11D0-8D11-00A0C91BC942}") = "MathModule", "MathModule\MathModule.vcxproj", "{255E1C37-5612-49A8-9B2A-B7C5984AE0D9}"
EndProject
Global
	GlobalSection(SolutionConfigurationPlatforms) = preSolution
		Debug|x64 = Debug|x64
		Debug|x86 = Debug|x86
		Release|x64 = Release|x64
		Release|x86 = Release|x86
	EndGlobalSection
	GlobalSection(ProjectConfigurationPlatforms) = postSolution
		{F9B64CA0-64ED-495F-BBE9-CA94CA7A4B90}.Debug|x64.ActiveCfg = Debug|x64
		{F9B64CA0-64ED-495F-BBE9-CA94CA7A4B90}.Debug|x64.Build.0 = Debug|x64
		{F9B64CA0-64ED-495F-BBE9-CA94CA7A4B90}.Debug|x86.ActiveCfg = Debug|Win32
		{F9B64CA0-64ED-495F-BBE9-CA94CA7A4B90}.Debug|x86.Build.0 = Debug|Win32
		{F9B64CA0-64ED-495F-BBE9-CA94CA7A4B90}.Release|x64.ActiveCfg = Release|x64
		{F9B64CA0-64ED-495F-BBE9-CA94CA7A4B90}.Release|x64.Build.0 = Release|x64
		{F9B64CA0-64ED-495F-BBE9-CA94CA7A4B90}.Release|x86.ActiveCfg = Release|Win32
		{F9B64CA0-64ED-495F-BBE9-CA94CA7A4B90}.Release|x86.Build.0 = Release|Win32
		{A4F6079B-8FAF-492F-A3FD-532EA137E31B}.Debug|x64.ActiveCfg = Debug|x64
		{A4F6079B-8FAF-492F-A3FD-532EA137E31B}.Debug|x64.Build.0 = Debug|x64
		{A4F6079B-8FAF-492F-A3FD-532EA137E31B}.Debug|x86.ActiveCfg = Debug|Win32
		{A4F6079B-8FAF-492F-A3FD-532EA137E31B}.Debug|x86.Build.0 = Debug|Win32
		{A4F6079B-8FAF-492F-A3FD-532EA137E31B}.Release|x64.ActiveCfg = Release|x64
		{A4F6079B-8FAF-492F-A3FD-532EA137E31B}.Release|x64.Build.0 = Release|x64
		{A4F6079B-8FAF-492F-A3FD-532EA137E31B}.Release|x86.ActiveCfg = Release|Win32
		{A4F6079B-8FAF-492F-A3FD-532EA137E31B}.Release|x86.Build.0 = Release|Win32
		{BB21EF66-E45D-4722-A360-69EBD042DCB2}.Debug|x64.ActiveCfg = Debug|x64
		{BB21EF66-E45D-4722-A360-69EBD042DCB2}.Debug|x64.Build.0 = Debug|x64
		{BB21EF66-E45D-4722-A360-69EBD042DCB2}.Debug|x86.ActiveCfg = Debug|Win32
		{BB21EF66-E45D-4722-A360-69EBD042DCB2}.Debug|x86.Build.0 = Debug|Win32
		{BB21EF66-E45D-4722-A360-69EBD042DCB2}.Release|x64.ActiveCfg = Release|x64
		{BB21EF66-E45D-4722-A360-69EBD042DCB2}.Release|x64.Build.0 = Release|x64
		{BB21EF66-E45D-4722-A360-69EBD042DCB2}.Release|x86.ActiveCfg = Release|Win32
		{BB21EF66-E45D-4722-A360-69EBD042DCB2}.Release|x86.Build.0 = Release|Win32
		{255E1C37-5612-49A8-9B2A-B7C5984AE0D9}.Debug|x64.ActiveCfg = Debug|x64
		{255E1C37-5612-49A8-9B2A-B7C5984AE0D9}.Debug|x64.Build.0 = Debug|x64
		{255E1C37-5612-49A8-9B2A-B7C5984AE0D9}.Debug|x86.ActiveCfg = Debug|Win32
		{255E1C37-5612-49A8-9B2A-B7C5984AE0D9}.Debug|x86.Build.0 = Debug|Win32
		{255E1C37-5612-49A8-9B2A-B7C5984AE0D9}.Release|x64.ActiveCfg = Release|x64
		{255E1C37-5612-49A8-9B2A-B7C5984AE0D9}.Release|x64.Build.0 = Release|x64
		{255E1C37-5612-49A8-9B2A-B7C5984AE0D9}.Release|x86.ActiveCfg = Release|Win32
		{255E1C37-5612-49A8-9B2A-B7C5984AE0D9}.Release|x86.Build.0 = Release|Win32
	EndGlobalSection
	GlobalSection(SolutionProperties) = preSolution
		HideSolutionNode = FALSE
	EndGlobalSection
	GlobalSection(ExtensibilityGlobals) = postSolution
		SolutionGuid = {CED8A5A6-E589-4799-ACF7-37925F911CEE}
	EndGlobalSection
EndGlobal
